
Microsoft Visual Studio Solution File, Format Version 12.00
# Visual Studio 15
VisualStudioVersion = 15.0.28307.168
MinimumVisualStudioVersion = 10.0.40219.1
Project("{FAE04EC0-301F-11D3-BF4B-00C04F79EFBC}") = "RollOfTheDiceTCPClient", "RollOfTheDiceTCPClient\RollOfTheDiceTCPClient.csproj", "{DAC365BD-ED37-48FD-B322-1FCD1CE750AE}"
EndProject
Global
	GlobalSection(SolutionConfigurationPlatforms) = preSolution
		Debug|Any CPU = Debug|Any CPU
		Release|Any CPU = Release|Any CPU
	EndGlobalSection
	GlobalSection(ProjectConfigurationPlatforms) = postSolution
		{DAC365BD-ED37-48FD-B322-1FCD1CE750AE}.Debug|Any CPU.ActiveCfg = Debug|Any CPU
		{DAC365BD-ED37-48FD-B322-1FCD1CE750AE}.Debug|Any CPU.Build.0 = Debug|Any CPU
		{DAC365BD-ED37-48FD-B322-1FCD1CE750AE}.Release|Any CPU.ActiveCfg = Release|Any CPU
		{DAC365BD-ED37-48FD-B322-1FCD1CE750AE}.Release|Any CPU.Build.0 = Release|Any CPU
	EndGlobalSection
	GlobalSection(SolutionProperties) = preSolution
		HideSolutionNode = FALSE
	EndGlobalSection
	GlobalSection(ExtensibilityGlobals) = postSolution
		SolutionGuid = {7786D94B-E20B-44EF-ACA7-F4BAAFBA5EDD}
	EndGlobalSection
EndGlobal
